
Microsoft Visual Studio Solution File, Format Version 12.00
# Visual Studio Version 17
VisualStudioVersion = 17.4.33205.214
MinimumVisualStudioVersion = 10.0.40219.1
Project("{9A19103F-16F7-4668-BE54-9A1E7A4F7556}") = "ApiAppointmentReminder", "AppointmentReminder\ApiAppointmentReminder.csproj", "{B44DF6D2-031B-4485-A9AF-FAADACA1F648}"
EndProject
Project("{FAE04EC0-301F-11D3-BF4B-00C04F79EFBC}") = "Entities", "Entities\Entities.csproj", "{8AD2C120-2CDB-4C36-9DC4-06C54A970D10}"
EndProject
Project("{FAE04EC0-301F-11D3-BF4B-00C04F79EFBC}") = "Presentation", "Presentation\Presentation.csproj", "{2FA90941-2CD4-493B-9E83-17B6FA4672C9}"
EndProject
Project("{FAE04EC0-301F-11D3-BF4B-00C04F79EFBC}") = "Repositories", "Repositories\Repositories.csproj", "{A326A0E6-E8EF-4B53-AA08-9FFED9854184}"
EndProject
Project("{FAE04EC0-301F-11D3-BF4B-00C04F79EFBC}") = "Services", "Services\Services.csproj", "{DBB1D9FF-A4E4-4D28-9B5E-4309160177DB}"
EndProject
Global
	GlobalSection(SolutionConfigurationPlatforms) = preSolution
		Debug|Any CPU = Debug|Any CPU
		Release|Any CPU = Release|Any CPU
	EndGlobalSection
	GlobalSection(ProjectConfigurationPlatforms) = postSolution
		{B44DF6D2-031B-4485-A9AF-FAADACA1F648}.Debug|Any CPU.ActiveCfg = Debug|Any CPU
		{B44DF6D2-031B-4485-A9AF-FAADACA1F648}.Debug|Any CPU.Build.0 = Debug|Any CPU
		{B44DF6D2-031B-4485-A9AF-FAADACA1F648}.Release|Any CPU.ActiveCfg = Release|Any CPU
		{B44DF6D2-031B-4485-A9AF-FAADACA1F648}.Release|Any CPU.Build.0 = Release|Any CPU
		{8AD2C120-2CDB-4C36-9DC4-06C54A970D10}.Debug|Any CPU.ActiveCfg = Debug|Any CPU
		{8AD2C120-2CDB-4C36-9DC4-06C54A970D10}.Debug|Any CPU.Build.0 = Debug|Any CPU
		{8AD2C120-2CDB-4C36-9DC4-06C54A970D10}.Release|Any CPU.ActiveCfg = Release|Any CPU
		{8AD2C120-2CDB-4C36-9DC4-06C54A970D10}.Release|Any CPU.Build.0 = Release|Any CPU
		{2FA90941-2CD4-493B-9E83-17B6FA4672C9}.Debug|Any CPU.ActiveCfg = Debug|Any CPU
		{2FA90941-2CD4-493B-9E83-17B6FA4672C9}.Debug|Any CPU.Build.0 = Debug|Any CPU
		{2FA90941-2CD4-493B-9E83-17B6FA4672C9}.Release|Any CPU.ActiveCfg = Release|Any CPU
		{2FA90941-2CD4-493B-9E83-17B6FA4672C9}.Release|Any CPU.Build.0 = Release|Any CPU
		{A326A0E6-E8EF-4B53-AA08-9FFED9854184}.Debug|Any CPU.ActiveCfg = Debug|Any CPU
		{A326A0E6-E8EF-4B53-AA08-9FFED9854184}.Debug|Any CPU.Build.0 = Debug|Any CPU
		{A326A0E6-E8EF-4B53-AA08-9FFED9854184}.Release|Any CPU.ActiveCfg = Release|Any CPU
		{A326A0E6-E8EF-4B53-AA08-9FFED9854184}.Release|Any CPU.Build.0 = Release|Any CPU
		{DBB1D9FF-A4E4-4D28-9B5E-4309160177DB}.Debug|Any CPU.ActiveCfg = Debug|Any CPU
		{DBB1D9FF-A4E4-4D28-9B5E-4309160177DB}.Debug|Any CPU.Build.0 = Debug|Any CPU
		{DBB1D9FF-A4E4-4D28-9B5E-4309160177DB}.Release|Any CPU.ActiveCfg = Release|Any CPU
		{DBB1D9FF-A4E4-4D28-9B5E-4309160177DB}.Release|Any CPU.Build.0 = Release|Any CPU
	EndGlobalSection
	GlobalSection(SolutionProperties) = preSolution
		HideSolutionNode = FALSE
	EndGlobalSection
	GlobalSection(ExtensibilityGlobals) = postSolution
		SolutionGuid = {63E49CBE-F472-4317-A1C1-97A3C544C393}
	EndGlobalSection
EndGlobal
